// !$*UTF8*$!
{
	archiveVersion = 1;
	classes = {
	};
	objectVersion = 56;
	objects = {

/* Begin PBXBuildFile section */
		5A59CA032A6FD4F100CCFA75 /* HikeAppApp.swift in Sources */ = {isa = PBXBuildFile; fileRef = 5A59CA022A6FD4F100CCFA75 /* HikeAppApp.swift */; };
		5A59CA052A6FD4F100CCFA75 /* ContentView.swift in Sources */ = {isa = PBXBuildFile; fileRef = 5A59CA042A6FD4F100CCFA75 /* ContentView.swift */; };
		5A59CA072A6FD4F200CCFA75 /* Assets.xcassets in Resources */ = {isa = PBXBuildFile; fileRef = 5A59CA062A6FD4F200CCFA75 /* Assets.xcassets */; };
		5A59CA0A2A6FD4F200CCFA75 /* Preview Assets.xcassets in Resources */ = {isa = PBXBuildFile; fileRef = 5A59CA092A6FD4F200CCFA75 /* Preview Assets.xcassets */; };
		5A59CA112A6FD83D00CCFA75 /* CardView.swift in Sources */ = {isa = PBXBuildFile; fileRef = 5A59CA102A6FD83D00CCFA75 /* CardView.swift */; };
		5A59CA142A6FDD0300CCFA75 /* CustomBackgroundView.swift in Sources */ = {isa = PBXBuildFile; fileRef = 5A59CA132A6FDD0300CCFA75 /* CustomBackgroundView.swift */; };
		5A59CA172A6FDF3800CCFA75 /* ColorExtension.swift in Sources */ = {isa = PBXBuildFile; fileRef = 5A59CA162A6FDF3800CCFA75 /* ColorExtension.swift */; };
		5A59CA192A6FE77900CCFA75 /* CustomButtonView.swift in Sources */ = {isa = PBXBuildFile; fileRef = 5A59CA182A6FE77900CCFA75 /* CustomButtonView.swift */; };
		5A59CA1B2A6FF04500CCFA75 /* GradientButtonStyle.swift in Sources */ = {isa = PBXBuildFile; fileRef = 5A59CA1A2A6FF04500CCFA75 /* GradientButtonStyle.swift */; };
		5A59CA1D2A70FDEC00CCFA75 /* CustomCircleView.swift in Sources */ = {isa = PBXBuildFile; fileRef = 5A59CA1C2A70FDEC00CCFA75 /* CustomCircleView.swift */; };
		5A59CA202A7102B000CCFA75 /* SettingsView.swift in Sources */ = {isa = PBXBuildFile; fileRef = 5A59CA1F2A7102B000CCFA75 /* SettingsView.swift */; };
		5A59CA222A71117A00CCFA75 /* CustomListRowView.swift in Sources */ = {isa = PBXBuildFile; fileRef = 5A59CA212A71117A00CCFA75 /* CustomListRowView.swift */; };
/* End PBXBuildFile section */

/* Begin PBXFileReference section */
		5A59C9FF2A6FD4F100CCFA75 /* HikeApp.app */ = {isa = PBXFileReference; explicitFileType = wrapper.application; includeInIndex = 0; path = HikeApp.app; sourceTree = BUILT_PRODUCTS_DIR; };
		5A59CA022A6FD4F100CCFA75 /* HikeAppApp.swift */ = {isa = PBXFileReference; lastKnownFileType = sourcecode.swift; path = HikeAppApp.swift; sourceTree = "<group>"; };
		5A59CA042A6FD4F100CCFA75 /* ContentView.swift */ = {isa = PBXFileReference; lastKnownFileType = sourcecode.swift; path = ContentView.swift; sourceTree = "<group>"; };
		5A59CA062A6FD4F200CCFA75 /* Assets.xcassets */ = {isa = PBXFileReference; lastKnownFileType = folder.assetcatalog; path = Assets.xcassets; sourceTree = "<group>"; };
		5A59CA092A6FD4F200CCFA75 /* Preview Assets.xcassets */ = {isa = PBXFileReference; lastKnownFileType = folder.assetcatalog; path = "Preview Assets.xcassets"; sourceTree = "<group>"; };
		5A59CA102A6FD83D00CCFA75 /* CardView.swift */ = {isa = PBXFileReference; lastKnownFileType = sourcecode.swift; path = CardView.swift; sourceTree = "<group>"; };
		5A59CA132A6FDD0300CCFA75 /* CustomBackgroundView.swift */ = {isa = PBXFileReference; lastKnownFileType = sourcecode.swift; path = CustomBackgroundView.swift; sourceTree = "<group>"; };
		5A59CA162A6FDF3800CCFA75 /* ColorExtension.swift */ = {isa = PBXFileReference; lastKnownFileType = sourcecode.swift; path = ColorExtension.swift; sourceTree = "<group>"; };
		5A59CA182A6FE77900CCFA75 /* CustomButtonView.swift */ = {isa = PBXFileReference; lastKnownFileType = sourcecode.swift; path = CustomButtonView.swift; sourceTree = "<group>"; };
		5A59CA1A2A6FF04500CCFA75 /* GradientButtonStyle.swift */ = {isa = PBXFileReference; lastKnownFileType = sourcecode.swift; path = GradientButtonStyle.swift; sourceTree = "<group>"; };
		5A59CA1C2A70FDEC00CCFA75 /* CustomCircleView.swift */ = {isa = PBXFileReference; lastKnownFileType = sourcecode.swift; path = CustomCircleView.swift; sourceTree = "<group>"; };
		5A59CA1F2A7102B000CCFA75 /* SettingsView.swift */ = {isa = PBXFileReference; lastKnownFileType = sourcecode.swift; path = SettingsView.swift; sourceTree = "<group>"; };
		5A59CA212A71117A00CCFA75 /* CustomListRowView.swift */ = {isa = PBXFileReference; lastKnownFileType = sourcecode.swift; path = CustomListRowView.swift; sourceTree = "<group>"; };
/* End PBXFileReference section */

/* Begin PBXFrameworksBuildPhase section */
		5A59C9FC2A6FD4F100CCFA75 /* Frameworks */ = {
			isa = PBXFrameworksBuildPhase;
			buildActionMask = 2147483647;
			files = (
			);
			runOnlyForDeploymentPostprocessing = 0;
		};
/* End PBXFrameworksBuildPhase section */

/* Begin PBXGroup section */
		5A59C9F62A6FD4F100CCFA75 = {
			isa = PBXGroup;
			children = (
				5A59CA012A6FD4F100CCFA75 /* HikeApp */,
				5A59CA002A6FD4F100CCFA75 /* Products */,
			);
			sourceTree = "<group>";
		};
		5A59CA002A6FD4F100CCFA75 /* Products */ = {
			isa = PBXGroup;
			children = (
				5A59C9FF2A6FD4F100CCFA75 /* HikeApp.app */,
			);
			name = Products;
			sourceTree = "<group>";
		};
		5A59CA012A6FD4F100CCFA75 /* HikeApp */ = {
			isa = PBXGroup;
			children = (
				5A59CA152A6FDF1500CCFA75 /* Utility */,
				5A59CA022A6FD4F100CCFA75 /* HikeAppApp.swift */,
				5A59CA1E2A71029200CCFA75 /* Screen */,
				5A59CA062A6FD4F200CCFA75 /* Assets.xcassets */,
				5A59CA082A6FD4F200CCFA75 /* Preview Content */,
				5A59CA122A6FDC8C00CCFA75 /* Component */,
			);
			path = HikeApp;
			sourceTree = "<group>";
		};
		5A59CA082A6FD4F200CCFA75 /* Preview Content */ = {
			isa = PBXGroup;
			children = (
				5A59CA092A6FD4F200CCFA75 /* Preview Assets.xcassets */,
			);
			path = "Preview Content";
			sourceTree = "<group>";
		};
		5A59CA122A6FDC8C00CCFA75 /* Component */ = {
			isa = PBXGroup;
			children = (
				5A59CA102A6FD83D00CCFA75 /* CardView.swift */,
				5A59CA132A6FDD0300CCFA75 /* CustomBackgroundView.swift */,
				5A59CA182A6FE77900CCFA75 /* CustomButtonView.swift */,
				5A59CA1C2A70FDEC00CCFA75 /* CustomCircleView.swift */,
				5A59CA212A71117A00CCFA75 /* CustomListRowView.swift */,
			);
			path = Component;
			sourceTree = "<group>";
		};
		5A59CA152A6FDF1500CCFA75 /* Utility */ = {
			isa = PBXGroup;
			children = (
				5A59CA162A6FDF3800CCFA75 /* ColorExtension.swift */,
				5A59CA1A2A6FF04500CCFA75 /* GradientButtonStyle.swift */,
			);
			path = Utility;
			sourceTree = "<group>";
		};
		5A59CA1E2A71029200CCFA75 /* Screen */ = {
			isa = PBXGroup;
			children = (
				5A59CA042A6FD4F100CCFA75 /* ContentView.swift */,
				5A59CA1F2A7102B000CCFA75 /* SettingsView.swift */,
			);
			path = Screen;
			sourceTree = "<group>";
		};
/* End PBXGroup section */

/* Begin PBXNativeTarget section */
		5A59C9FE2A6FD4F100CCFA75 /* HikeApp */ = {
			isa = PBXNativeTarget;
			buildConfigurationList = 5A59CA0D2A6FD4F200CCFA75 /* Build configuration list for PBXNativeTarget "HikeApp" */;
			buildPhases = (
				5A59C9FB2A6FD4F100CCFA75 /* Sources */,
				5A59C9FC2A6FD4F100CCFA75 /* Frameworks */,
				5A59C9FD2A6FD4F100CCFA75 /* Resources */,
			);
			buildRules = (
			);
			dependencies = (
			);
			name = HikeApp;
			productName = HikeApp;
			productReference = 5A59C9FF2A6FD4F100CCFA75 /* HikeApp.app */;
			productType = "com.apple.product-type.application";
		};
/* End PBXNativeTarget section */

/* Begin PBXProject section */
		5A59C9F72A6FD4F100CCFA75 /* Project object */ = {
			isa = PBXProject;
			attributes = {
				BuildIndependentTargetsInParallel = 1;
				LastSwiftUpdateCheck = 1430;
				LastUpgradeCheck = 1430;
				TargetAttributes = {
					5A59C9FE2A6FD4F100CCFA75 = {
						CreatedOnToolsVersion = 14.3.1;
					};
				};
			};
			buildConfigurationList = 5A59C9FA2A6FD4F100CCFA75 /* Build configuration list for PBXProject "HikeApp" */;
			compatibilityVersion = "Xcode 14.0";
			developmentRegion = en;
			hasScannedForEncodings = 0;
			knownRegions = (
				en,
				Base,
			);
			mainGroup = 5A59C9F62A6FD4F100CCFA75;
			productRefGroup = 5A59CA002A6FD4F100CCFA75 /* Products */;
			projectDirPath = "";
			projectRoot = "";
			targets = (
				5A59C9FE2A6FD4F100CCFA75 /* HikeApp */,
			);
		};
/* End PBXProject section */

/* Begin PBXResourcesBuildPhase section */
		5A59C9FD2A6FD4F100CCFA75 /* Resources */ = {
			isa = PBXResourcesBuildPhase;
			buildActionMask = 2147483647;
			files = (
				5A59CA0A2A6FD4F200CCFA75 /* Preview Assets.xcassets in Resources */,
				5A59CA072A6FD4F200CCFA75 /* Assets.xcassets in Resources */,
			);
			runOnlyForDeploymentPostprocessing = 0;
		};
/* End PBXResourcesBuildPhase section */

/* Begin PBXSourcesBuildPhase section */
		5A59C9FB2A6FD4F100CCFA75 /* Sources */ = {
			isa = PBXSourcesBuildPhase;
			buildActionMask = 2147483647;
			files = (
				5A59CA052A6FD4F100CCFA75 /* ContentView.swift in Sources */,
				5A59CA1D2A70FDEC00CCFA75 /* CustomCircleView.swift in Sources */,
				5A59CA222A71117A00CCFA75 /* CustomListRowView.swift in Sources */,
				5A59CA112A6FD83D00CCFA75 /* CardView.swift in Sources */,
				5A59CA032A6FD4F100CCFA75 /* HikeAppApp.swift in Sources */,
				5A59CA192A6FE77900CCFA75 /* CustomButtonView.swift in Sources */,
				5A59CA1B2A6FF04500CCFA75 /* GradientButtonStyle.swift in Sources */,
				5A59CA202A7102B000CCFA75 /* SettingsView.swift in Sources */,
				5A59CA142A6FDD0300CCFA75 /* CustomBackgroundView.swift in Sources */,
				5A59CA172A6FDF3800CCFA75 /* ColorExtension.swift in Sources */,
			);
			runOnlyForDeploymentPostprocessing = 0;
		};
/* End PBXSourcesBuildPhase section */

/* Begin XCBuildConfiguration section */
		5A59CA0B2A6FD4F200CCFA75 /* Debug */ = {
			isa = XCBuildConfiguration;
			buildSettings = {
				ALWAYS_SEARCH_USER_PATHS = NO;
				CLANG_ANALYZER_NONNULL = YES;
				CLANG_ANALYZER_NUMBER_OBJECT_CONVERSION = YES_AGGRESSIVE;
				CLANG_CXX_LANGUAGE_STANDARD = "gnu++20";
				CLANG_ENABLE_MODULES = YES;
				CLANG_ENABLE_OBJC_ARC = YES;
				CLANG_ENABLE_OBJC_WEAK = YES;
				CLANG_WARN_BLOCK_CAPTURE_AUTORELEASING = YES;
				CLANG_WARN_BOOL_CONVERSION = YES;
				CLANG_WARN_COMMA = YES;
				CLANG_WARN_CONSTANT_CONVERSION = YES;
				CLANG_WARN_DEPRECATED_OBJC_IMPLEMENTATIONS = YES;
				CLANG_WARN_DIRECT_OBJC_ISA_USAGE = YES_ERROR;
				CLANG_WARN_DOCUMENTATION_COMMENTS = YES;
				CLANG_WARN_EMPTY_BODY = YES;
				CLANG_WARN_ENUM_CONVERSION = YES;
				CLANG_WARN_INFINITE_RECURSION = YES;
				CLANG_WARN_INT_CONVERSION = YES;
				CLANG_WARN_NON_LITERAL_NULL_CONVERSION = YES;
				CLANG_WARN_OBJC_IMPLICIT_RETAIN_SELF = YES;
				CLANG_WARN_OBJC_LITERAL_CONVERSION = YES;
				CLANG_WARN_OBJC_ROOT_CLASS = YES_ERROR;
				CLANG_WARN_QUOTED_INCLUDE_IN_FRAMEWORK_HEADER = YES;
				CLANG_WARN_RANGE_LOOP_ANALYSIS = YES;
				CLANG_WARN_STRICT_PROTOTYPES = YES;
				CLANG_WARN_SUSPICIOUS_MOVE = YES;
				CLANG_WARN_UNGUARDED_AVAILABILITY = YES_AGGRESSIVE;
				CLANG_WARN_UNREACHABLE_CODE = YES;
				CLANG_WARN__DUPLICATE_METHOD_MATCH = YES;
				COPY_PHASE_STRIP = NO;
				DEBUG_INFORMATION_FORMAT = dwarf;
				ENABLE_STRICT_OBJC_MSGSEND = YES;
				ENABLE_TESTABILITY = YES;
				GCC_C_LANGUAGE_STANDARD = gnu11;
				GCC_DYNAMIC_NO_PIC = NO;
				GCC_NO_COMMON_BLOCKS = YES;
				GCC_OPTIMIZATION_LEVEL = 0;
				GCC_PREPROCESSOR_DEFINITIONS = (
					"DEBUG=1",
					"$(inherited)",
				);
				GCC_WARN_64_TO_32_BIT_CONVERSION = YES;
				GCC_WARN_ABOUT_RETURN_TYPE = YES_ERROR;
				GCC_WARN_UNDECLARED_SELECTOR = YES;
				GCC_WARN_UNINITIALIZED_AUTOS = YES_AGGRESSIVE;
				GCC_WARN_UNUSED_FUNCTION = YES;
				GCC_WARN_UNUSED_VARIABLE = YES;
				IPHONEOS_DEPLOYMENT_TARGET = 16.4;
				MTL_ENABLE_DEBUG_INFO = INCLUDE_SOURCE;
				MTL_FAST_MATH = YES;
				ONLY_ACTIVE_ARCH = YES;
				SDKROOT = iphoneos;
				SWIFT_ACTIVE_COMPILATION_CONDITIONS = DEBUG;
				SWIFT_OPTIMIZATION_LEVEL = "-Onone";
			};
			name = Debug;
		};
		5A59CA0C2A6FD4F200CCFA75 /* Release */ = {
			isa = XCBuildConfiguration;
			buildSettings = {
				ALWAYS_SEARCH_USER_PATHS = NO;
				CLANG_ANALYZER_NONNULL = YES;
				CLANG_ANALYZER_NUMBER_OBJECT_CONVERSION = YES_AGGRESSIVE;
				CLANG_CXX_LANGUAGE_STANDARD = "gnu++20";
				CLANG_ENABLE_MODULES = YES;
				CLANG_ENABLE_OBJC_ARC = YES;
				CLANG_ENABLE_OBJC_WEAK = YES;
				CLANG_WARN_BLOCK_CAPTURE_AUTORELEASING = YES;
				CLANG_WARN_BOOL_CONVERSION = YES;
				CLANG_WARN_COMMA = YES;
				CLANG_WARN_CONSTANT_CONVERSION = YES;
				CLANG_WARN_DEPRECATED_OBJC_IMPLEMENTATIONS = YES;
				CLANG_WARN_DIRECT_OBJC_ISA_USAGE = YES_ERROR;
				CLANG_WARN_DOCUMENTATION_COMMENTS = YES;
				CLANG_WARN_EMPTY_BODY = YES;
				CLANG_WARN_ENUM_CONVERSION = YES;
				CLANG_WARN_INFINITE_RECURSION = YES;
				CLANG_WARN_INT_CONVERSION = YES;
				CLANG_WARN_NON_LITERAL_NULL_CONVERSION = YES;
				CLANG_WARN_OBJC_IMPLICIT_RETAIN_SELF = YES;
				CLANG_WARN_OBJC_LITERAL_CONVERSION = YES;
				CLANG_WARN_OBJC_ROOT_CLASS = YES_ERROR;
				CLANG_WARN_QUOTED_INCLUDE_IN_FRAMEWORK_HEADER = YES;
				CLANG_WARN_RANGE_LOOP_ANALYSIS = YES;
				CLANG_WARN_STRICT_PROTOTYPES = YES;
				CLANG_WARN_SUSPICIOUS_MOVE = YES;
				CLANG_WARN_UNGUARDED_AVAILABILITY = YES_AGGRESSIVE;
				CLANG_WARN_UNREACHABLE_CODE = YES;
				CLANG_WARN__DUPLICATE_METHOD_MATCH = YES;
				COPY_PHASE_STRIP = NO;
				DEBUG_INFORMATION_FORMAT = "dwarf-with-dsym";
				ENABLE_NS_ASSERTIONS = NO;
				ENABLE_STRICT_OBJC_MSGSEND = YES;
				GCC_C_LANGUAGE_STANDARD = gnu11;
				GCC_NO_COMMON_BLOCKS = YES;
				GCC_WARN_64_TO_32_BIT_CONVERSION = YES;
				GCC_WARN_ABOUT_RETURN_TYPE = YES_ERROR;
				GCC_WARN_UNDECLARED_SELECTOR = YES;
				GCC_WARN_UNINITIALIZED_AUTOS = YES_AGGRESSIVE;
				GCC_WARN_UNUSED_FUNCTION = YES;
				GCC_WARN_UNUSED_VARIABLE = YES;
				IPHONEOS_DEPLOYMENT_TARGET = 16.4;
				MTL_ENABLE_DEBUG_INFO = NO;
				MTL_FAST_MATH = YES;
				SDKROOT = iphoneos;
				SWIFT_COMPILATION_MODE = wholemodule;
				SWIFT_OPTIMIZATION_LEVEL = "-O";
				VALIDATE_PRODUCT = YES;
			};
			name = Release;
		};
		5A59CA0E2A6FD4F200CCFA75 /* Debug */ = {
			isa = XCBuildConfiguration;
			buildSettings = {
				ASSETCATALOG_COMPILER_ALTERNATE_APPICON_NAMES = "AppIcon-MagnifyingGlass AppIcon-Map AppIcon-Mushroom AppIcon-Camera AppIcon-Backpack AppIcon-Campfire";
				ASSETCATALOG_COMPILER_APPICON_NAME = AppIcon;
				ASSETCATALOG_COMPILER_GLOBAL_ACCENT_COLOR_NAME = AccentColor;
				ASSETCATALOG_COMPILER_INCLUDE_ALL_APPICON_ASSETS = YES;
				CODE_SIGN_STYLE = Automatic;
				CURRENT_PROJECT_VERSION = 1;
				DEVELOPMENT_ASSET_PATHS = "\"HikeApp/Preview Content\"";
				DEVELOPMENT_TEAM = V9LMRNLH63;
				ENABLE_PREVIEWS = YES;
				GENERATE_INFOPLIST_FILE = YES;
				INFOPLIST_KEY_UIApplicationSceneManifest_Generation = YES;
				INFOPLIST_KEY_UIApplicationSupportsIndirectInputEvents = YES;
				INFOPLIST_KEY_UILaunchScreen_Generation = YES;
				INFOPLIST_KEY_UISupportedInterfaceOrientations_iPad = "UIInterfaceOrientationPortrait UIInterfaceOrientationPortraitUpsideDown UIInterfaceOrientationLandscapeLeft UIInterfaceOrientationLandscapeRight";
				INFOPLIST_KEY_UISupportedInterfaceOrientations_iPhone = "UIInterfaceOrientationPortrait UIInterfaceOrientationLandscapeLeft UIInterfaceOrientationLandscapeRight";
				LD_RUNPATH_SEARCH_PATHS = (
					"$(inherited)",
					"@executable_path/Frameworks",
				);
				MARKETING_VERSION = 1.0;
				PRODUCT_BUNDLE_IDENTIFIER = com.rushikesh.com.HikeApp;
				PRODUCT_NAME = "$(TARGET_NAME)";
				SWIFT_EMIT_LOC_STRINGS = YES;
				SWIFT_VERSION = 5.0;
				TARGETED_DEVICE_FAMILY = "1,2";
			};
			name = Debug;
		};
		5A59CA0F2A6FD4F200CCFA75 /* Release */ = {
			isa = XCBuildConfiguration;
			buildSettings = {
				ASSETCATALOG_COMPILER_ALTERNATE_APPICON_NAMES = "AppIcon-MagnifyingGlass AppIcon-Map AppIcon-Mushroom AppIcon-Camera AppIcon-Backpack AppIcon-Campfire";
				ASSETCATALOG_COMPILER_APPICON_NAME = AppIcon;
				ASSETCATALOG_COMPILER_GLOBAL_ACCENT_COLOR_NAME = AccentColor;
				ASSETCATALOG_COMPILER_INCLUDE_ALL_APPICON_ASSETS = YES;
				CODE_SIGN_STYLE = Automatic;
				CURRENT_PROJECT_VERSION = 1;
				DEVELOPMENT_ASSET_PATHS = "\"HikeApp/Preview Content\"";
				DEVELOPMENT_TEAM = V9LMRNLH63;
				ENABLE_PREVIEWS = YES;
				GENERATE_INFOPLIST_FILE = YES;
				INFOPLIST_KEY_UIApplicationSceneManifest_Generation = YES;
				INFOPLIST_KEY_UIApplicationSupportsIndirectInputEvents = YES;
				INFOPLIST_KEY_UILaunchScreen_Generation = YES;
				INFOPLIST_KEY_UISupportedInterfaceOrientations_iPad = "UIInterfaceOrientationPortrait UIInterfaceOrientationPortraitUpsideDown UIInterfaceOrientationLandscapeLeft UIInterfaceOrientationLandscapeRight";
				INFOPLIST_KEY_UISupportedInterfaceOrientations_iPhone = "UIInterfaceOrientationPortrait UIInterfaceOrientationLandscapeLeft UIInterfaceOrientationLandscapeRight";
				LD_RUNPATH_SEARCH_PATHS = (
					"$(inherited)",
					"@executable_path/Frameworks",
				);
				MARKETING_VERSION = 1.0;
				PRODUCT_BUNDLE_IDENTIFIER = com.rushikesh.com.HikeApp;
				PRODUCT_NAME = "$(TARGET_NAME)";
				SWIFT_EMIT_LOC_STRINGS = YES;
				SWIFT_VERSION = 5.0;
				TARGETED_DEVICE_FAMILY = "1,2";
			};
			name = Release;
		};
/* End XCBuildConfiguration section */

/* Begin XCConfigurationList section */
		5A59C9FA2A6FD4F100CCFA75 /* Build configuration list for PBXProject "HikeApp" */ = {
			isa = XCConfigurationList;
			buildConfigurations = (
				5A59CA0B2A6FD4F200CCFA75 /* Debug */,
				5A59CA0C2A6FD4F200CCFA75 /* Release */,
			);
			defaultConfigurationIsVisible = 0;
			defaultConfigurationName = Release;
		};
		5A59CA0D2A6FD4F200CCFA75 /* Build configuration list for PBXNativeTarget "HikeApp" */ = {
			isa = XCConfigurationList;
			buildConfigurations = (
				5A59CA0E2A6FD4F200CCFA75 /* Debug */,
				5A59CA0F2A6FD4F200CCFA75 /* Release */,
			);
			defaultConfigurationIsVisible = 0;
			defaultConfigurationName = Release;
		};
/* End XCConfigurationList section */
	};
	rootObject = 5A59C9F72A6FD4F100CCFA75 /* Project object */;
}
